
Microsoft Visual Studio Solution File, Format Version 12.00
# Visual Studio Version 17
VisualStudioVersion = 17.6.33801.468
MinimumVisualStudioVersion = 10.0.40219.1
Project("{FAE04EC0-301F-11D3-BF4B-00C04F79EFBC}") = "QuanLyCongTrinh", "QuanLyCongTrinh\QuanLyCongTrinh.csproj", "{9BEBD401-3D0D-4E77-AE87-EF5F3C9C584F}"
EndProject
Global
	GlobalSection(SolutionConfigurationPlatforms) = preSolution
		Debug|Any CPU = Debug|Any CPU
		Release|Any CPU = Release|Any CPU
	EndGlobalSection
	GlobalSection(ProjectConfigurationPlatforms) = postSolution
		{9BEBD401-3D0D-4E77-AE87-EF5F3C9C584F}.Debug|Any CPU.ActiveCfg = Debug|Any CPU
		{9BEBD401-3D0D-4E77-AE87-EF5F3C9C584F}.Debug|Any CPU.Build.0 = Debug|Any CPU
		{9BEBD401-3D0D-4E77-AE87-EF5F3C9C584F}.Release|Any CPU.ActiveCfg = Release|Any CPU
		{9BEBD401-3D0D-4E77-AE87-EF5F3C9C584F}.Release|Any CPU.Build.0 = Release|Any CPU
	EndGlobalSection
	GlobalSection(SolutionProperties) = preSolution
		HideSolutionNode = FALSE
	EndGlobalSection
	GlobalSection(ExtensibilityGlobals) = postSolution
		SolutionGuid = {141FF132-DD65-4EE6-BF6C-D6043CAB22A6}
	EndGlobalSection
EndGlobal
